PODS:
  - SocketIO (0.0.1):
    - Starscream (~> 4.0.4)
  - Starscream (4.0.4)

DEPENDENCIES:
  - SocketIO (from `../`)

SPEC REPOS:
  trunk:
    - Starscream

EXTERNAL SOURCES:
  SocketIO:
    :path: "../"

SPEC CHECKSUMS:
  SocketIO: 8817575f9a277e5915ceb0af5a574934c6b97893
  Starscream: 5178aed56b316f13fa3bc55694e583d35dd414d9

PODFILE CHECKSUM: a9115cd1dc8d9b3f2e6e7a499353413c63bd65e1

COCOAPODS: 1.11.3
